
Microsoft Visual Studio Solution File, Format Version 12.00
# Visual Studio Version 16
VisualStudioVersion = 16.0.30804.86
MinimumVisualStudioVersion = 10.0.40219.1
Project("{FAE04EC0-301F-11D3-BF4B-00C04F79EFBC}") = "analizador_lexico", "analizador_lexico\analizador_lexico.csproj", "{89BCE8C6-2BD6-41E3-8732-A5ACF2C9E21B}"
EndProject
Global
	GlobalSection(SolutionConfigurationPlatforms) = preSolution
		Debug|Any CPU = Debug|Any CPU
		Release|Any CPU = Release|Any CPU
	EndGlobalSection
	GlobalSection(ProjectConfigurationPlatforms) = postSolution
		{89BCE8C6-2BD6-41E3-8732-A5ACF2C9E21B}.Debug|Any CPU.ActiveCfg = Debug|Any CPU
		{89BCE8C6-2BD6-41E3-8732-A5ACF2C9E21B}.Debug|Any CPU.Build.0 = Debug|Any CPU
		{89BCE8C6-2BD6-41E3-8732-A5ACF2C9E21B}.Release|Any CPU.ActiveCfg = Release|Any CPU
		{89BCE8C6-2BD6-41E3-8732-A5ACF2C9E21B}.Release|Any CPU.Build.0 = Release|Any CPU
	EndGlobalSection
	GlobalSection(SolutionProperties) = preSolution
		HideSolutionNode = FALSE
	EndGlobalSection
	GlobalSection(ExtensibilityGlobals) = postSolution
		SolutionGuid = {37A43E69-6903-436F-8A5B-965074DC0CDF}
	EndGlobalSection
EndGlobal
